{
  "name": "beejee",
  "version": "0.1.0",
  "lockfileVersion": 1,
  "requires": true,
  "dependencies": {
    "sort-multidimensional-array-func": {
      "version": "1.0.1",
      "resolved": "https://registry.npmjs.org/sort-multidimensional-array-func/-/sort-multidimensional-array-func-1.0.1.tgz",
      "integrity": "sha1-h7x+keFrU42ysrgJCWT0QFnZ17w="
    }
  }
}
